
Microsoft Visual Studio Solution File, Format Version 12.00
# Visual Studio Version 16
VisualStudioVersion = 16.0.30413.136
MinimumVisualStudioVersion = 10.0.40219.1
Project("{8BC9CEB8-8B4A-11D0-8D11-00A0C91BC942}") = "Echo", "Echo.vcxproj", "{05884D50-F650-4CE3-B71C-1A34C8D504D8}"
EndProject
Project("{8BC9CEB8-8B4A-11D0-8D11-00A0C91BC942}") = "OpcodeGenerator", "OpcodeGenerator\OpcodeGenerator.vcxproj", "{5646A5C7-6DA8-4057-8709-2FF4EA6E3F37}"
EndProject
Global
	GlobalSection(SolutionConfigurationPlatforms) = preSolution
		Debug|x64 = Debug|x64
		Debug|x86 = Debug|x86
		Release|x64 = Release|x64
		Release|x86 = Release|x86
	EndGlobalSection
	GlobalSection(ProjectConfigurationPlatforms) = postSolution
		{05884D50-F650-4CE3-B71C-1A34C8D504D8}.Debug|x64.ActiveCfg = Debug|x64
		{05884D50-F650-4CE3-B71C-1A34C8D504D8}.Debug|x64.Build.0 = Debug|x64
		{05884D50-F650-4CE3-B71C-1A34C8D504D8}.Debug|x86.ActiveCfg = Debug|Win32
		{05884D50-F650-4CE3-B71C-1A34C8D504D8}.Debug|x86.Build.0 = Debug|Win32
		{05884D50-F650-4CE3-B71C-1A34C8D504D8}.Release|x64.ActiveCfg = Release|x64
		{05884D50-F650-4CE3-B71C-1A34C8D504D8}.Release|x64.Build.0 = Release|x64
		{05884D50-F650-4CE3-B71C-1A34C8D504D8}.Release|x86.ActiveCfg = Release|Win32
		{05884D50-F650-4CE3-B71C-1A34C8D504D8}.Release|x86.Build.0 = Release|Win32
		{5646A5C7-6DA8-4057-8709-2FF4EA6E3F37}.Debug|x64.ActiveCfg = Debug|x64
		{5646A5C7-6DA8-4057-8709-2FF4EA6E3F37}.Debug|x64.Build.0 = Debug|x64
		{5646A5C7-6DA8-4057-8709-2FF4EA6E3F37}.Debug|x86.ActiveCfg = Debug|Win32
		{5646A5C7-6DA8-4057-8709-2FF4EA6E3F37}.Debug|x86.Build.0 = Debug|Win32
		{5646A5C7-6DA8-4057-8709-2FF4EA6E3F37}.Release|x64.ActiveCfg = Release|x64
		{5646A5C7-6DA8-4057-8709-2FF4EA6E3F37}.Release|x64.Build.0 = Release|x64
		{5646A5C7-6DA8-4057-8709-2FF4EA6E3F37}.Release|x86.ActiveCfg = Release|Win32
		{5646A5C7-6DA8-4057-8709-2FF4EA6E3F37}.Release|x86.Build.0 = Release|Win32
	EndGlobalSection
	GlobalSection(SolutionProperties) = preSolution
		HideSolutionNode = FALSE
	EndGlobalSection
	GlobalSection(ExtensibilityGlobals) = postSolution
		SolutionGuid = {9950D092-D46B-4781-9F2A-40299AAA1BD3}
	EndGlobalSection
EndGlobal
